PODS:
  - Alamofire (4.5.0)
  - Kingfisher (3.10.4)
  - SnapKit (3.2.0)

DEPENDENCIES:
  - Alamofire (~> 4.4)
  - Kingfisher
  - SnapKit (~> 3.2.0)

SPEC CHECKSUMS:
  Alamofire: f28cdffd29de33a7bfa022cbd63ae95a27fae140
  Kingfisher: dc3a4983e86d2dfa89513664983a82340c11a289
  SnapKit: 1ca44df72cfa543218d177cb8aab029d10d86ea7

PODFILE CHECKSUM: 583737d9eedffd7c171016abf82dc3e848cec7b8

COCOAPODS: 1.2.0
